
Microsoft Visual Studio Solution File, Format Version 12.00
# Visual Studio Version 17
VisualStudioVersion = 17.11.35327.3
MinimumVisualStudioVersion = 10.0.40219.1
Project("{FAE04EC0-301F-11D3-BF4B-00C04F79EFBC}") = "Övning_MultipleExceptions", "Övning_MultipleExceptions\Övning_MultipleExceptions.csproj", "{48B0B8F9-9428-403C-913B-E0F626B96AC3}"
EndProject
Global
	GlobalSection(SolutionConfigurationPlatforms) = preSolution
		Debug|Any CPU = Debug|Any CPU
		Release|Any CPU = Release|Any CPU
	EndGlobalSection
	GlobalSection(ProjectConfigurationPlatforms) = postSolution
		{48B0B8F9-9428-403C-913B-E0F626B96AC3}.Debug|Any CPU.ActiveCfg = Debug|Any CPU
		{48B0B8F9-9428-403C-913B-E0F626B96AC3}.Debug|Any CPU.Build.0 = Debug|Any CPU
		{48B0B8F9-9428-403C-913B-E0F626B96AC3}.Release|Any CPU.ActiveCfg = Release|Any CPU
		{48B0B8F9-9428-403C-913B-E0F626B96AC3}.Release|Any CPU.Build.0 = Release|Any CPU
	EndGlobalSection
	GlobalSection(SolutionProperties) = preSolution
		HideSolutionNode = FALSE
	EndGlobalSection
	GlobalSection(ExtensibilityGlobals) = postSolution
		SolutionGuid = {B4BC26A3-7BA0-4081-A4F2-CFDEE3955016}
	EndGlobalSection
EndGlobal
